<Solution>
  <Project Path="ProgressiveWorkout.Api/ProgressiveWorkout.Api.csproj" />
  <Project Path="ProgressiveWorkout.Application/ProgressiveWorkout.Application.csproj" />
  <Project Path="ProgressiveWorkout.Infrastructure/ProgressiveWorkout.Infrastructure.csproj" />
  <Project Path="ProgressiveWorkout.Telemetry/ProgressiveWorkout.Telemetry.csproj" />
</Solution>
